# This file is generated by running "yarn install" inside your project.
# Manual changes might be lost - proceed with caution!

__metadata:
  version: 8
  cacheKey: 10

"@types/node@npm:*":
  version: 20.3.0
  resolution: "@types/node@npm:20.3.0"
  checksum: c1fdc2d64313f53fbd0d2d4172e61b2e088c4474c2d33f448cbda54948bc52f56b0fb78d39f958d4add630cd91d03bee292a34615e94a05251b7a4cb335899de
  languageName: node
  linkType: hard

"@types/node@npm:^20":
  version: 20.8.10
  resolution: "@types/node@npm:20.8.10"
  dependencies:
    undici-types: "npm:~5.26.4"
  checksum: 8930039077c8ad74de74c724909412bea8110c3f8892bcef8dda3e9629073bed65632ee755f94b252bcdae8ca71cf83e89a4a440a105e2b1b7c9797b43483049
  languageName: node
  linkType: hard

"@types/prompts@npm:^2.4.7":
  version: 2.4.7
  resolution: "@types/prompts@npm:2.4.7"
  dependencies:
    "@types/node": "npm:*"
    kleur: "npm:^3.0.3"
  checksum: 2c57b3c419b4be72039dcd0d099c4643a5f7d06cf20156709e87498cd4f6cb4000edc1cafde95786b46d137eb5ace01e3ba83dbc5f29cb69f4b778fdd42b7d81
  languageName: node
  linkType: hard

"kleur@npm:^3.0.3":
  version: 3.0.3
  resolution: "kleur@npm:3.0.3"
  checksum: 0c0ecaf00a5c6173d25059c7db2113850b5457016dfa1d0e3ef26da4704fbb186b4938d7611246d86f0ddf1bccf26828daa5877b1f232a65e7373d0122a83e7f
  languageName: node
  linkType: hard

"prompts@npm:^2.4.2":
  version: 2.4.2
  resolution: "prompts@npm:2.4.2"
  dependencies:
    kleur: "npm:^3.0.3"
    sisteransi: "npm:^1.0.5"
  checksum: c52536521a4d21eff4f2f2aa4572446cad227464066365a7167e52ccf8d9839c099f9afec1aba0eed3d5a2514b3e79e0b3e7a1dc326b9acde6b75d27ed74b1a9
  languageName: node
  linkType: hard

"root-workspace-0b6124@workspace:.":
  version: 0.0.0-use.local
  resolution: "root-workspace-0b6124@workspace:."
  dependencies:
    "@types/node": "npm:^20"
    "@types/prompts": "npm:^2.4.7"
    prompts: "npm:^2.4.2"
  languageName: unknown
  linkType: soft

"sisteransi@npm:^1.0.5":
  version: 1.0.5
  resolution: "sisteransi@npm:1.0.5"
  checksum: aba6438f46d2bfcef94cf112c835ab395172c75f67453fe05c340c770d3c402363018ae1ab4172a1026a90c47eaccf3af7b6ff6fa749a680c2929bd7fa2b37a4
  languageName: node
  linkType: hard

"undici-types@npm:~5.26.4":
  version: 5.26.5
  resolution: "undici-types@npm:5.26.5"
  checksum: 0097779d94bc0fd26f0418b3a05472410408877279141ded2bd449167be1aed7ea5b76f756562cb3586a07f251b90799bab22d9019ceba49c037c76445f7cddd
  languageName: node
  linkType: hard
