# This file is generated by running "yarn install" inside your project.
# Manual changes might be lost - proceed with caution!

__metadata:
  version: 6
  cacheKey: 8

"@types/node@npm:^18":
  version: 18.14.0
  resolution: "@types/node@npm:18.14.0"
  checksum: d83fcf5e4ed544755dd9028f5cbb6b9d46235043159111bb2ad62223729aee581c0144a9f6df8ba73d74011db9ed4ebd7af2fd5e0996714e3beb508a5da8ac5c
  languageName: node
  linkType: hard

"root-workspace-0b6124@workspace:.":
  version: 0.0.0-use.local
  resolution: "root-workspace-0b6124@workspace:."
  dependencies:
    "@types/node": ^18
  languageName: unknown
  linkType: soft
