# This file is generated by running "yarn install" inside your project.
# Manual changes might be lost - proceed with caution!

__metadata:
  version: 6
  cacheKey: 8

"@types/node@npm:^18":
  version: 18.14.0
  resolution: "@types/node@npm:18.14.0"
  checksum: d83fcf5e4ed544755dd9028f5cbb6b9d46235043159111bb2ad62223729aee581c0144a9f6df8ba73d74011db9ed4ebd7af2fd5e0996714e3beb508a5da8ac5c
  languageName: node
  linkType: hard

"launchpad@workspace:.":
  version: 0.0.0-use.local
  resolution: "launchpad@workspace:."
  dependencies:
    "@types/node": ^18
    typescript: 5.0.1-rc
  languageName: unknown
  linkType: soft

"typescript@npm:5.0.1-rc":
  version: 5.0.1-rc
  resolution: "typescript@npm:5.0.1-rc"
  bin:
    tsc: bin/tsc
    tsserver: bin/tsserver
  checksum: 47e2381464f0b8a2d54ddb60ddd44a57577462d5faecd7db445b8b24a02d6f16d117fd4f49ba66fe8e22c49b79f5bfb1b6851e1e32e29c6d4c2ab324bc184b70
  languageName: node
  linkType: hard

"typescript@patch:typescript@5.0.1-rc#~builtin<compat/typescript>":
  version: 5.0.1-rc
  resolution: "typescript@patch:typescript@npm%3A5.0.1-rc#~builtin<compat/typescript>::version=5.0.1-rc&hash=1f5320"
  bin:
    tsc: bin/tsc
    tsserver: bin/tsserver
  checksum: 61b43eb0e562e61f311c3138854d75a7d9f57153df6b7a4a509db76ae8aea2029116186fb391fa266c00b1e36c16daa075baf5e23f0bb133f9281adf6ca308f7
  languageName: node
  linkType: hard
